// !$*UTF8*$!
{
	archiveVersion = 1;
	classes = {
	};
	objectVersion = 56;
	objects = {

/* Begin PBXBuildFile section */
		DF02D8D62C288BD700EAF86A /* users.json in Resources */ = {isa = PBXBuildFile; fileRef = DF89738A2C2882540019BEBD /* users.json */; };
		DF5865FF2C257ECA00893B16 /* Concurrency1.swift in Sources */ = {isa = PBXBuildFile; fileRef = DF5865FE2C257ECA00893B16 /* Concurrency1.swift */; };
		DF753E782C25BA96003EDCDF /* AsyncAwait.swift in Sources */ = {isa = PBXBuildFile; fileRef = DF753E772C25BA96003EDCDF /* AsyncAwait.swift */; };
		DF753E7A2C25DE49003EDCDF /* Concurrency2.swift in Sources */ = {isa = PBXBuildFile; fileRef = DF753E792C25DE49003EDCDF /* Concurrency2.swift */; };
		DF7A82FA2C285D320061442F /* UserModel.swift in Sources */ = {isa = PBXBuildFile; fileRef = DF7A82F92C285D320061442F /* UserModel.swift */; };
		DF7A82FC2C285D5F0061442F /* PostModel.swift in Sources */ = {isa = PBXBuildFile; fileRef = DF7A82FB2C285D5F0061442F /* PostModel.swift */; };
		DF7A82FF2C285D940061442F /* APIService.swift in Sources */ = {isa = PBXBuildFile; fileRef = DF7A82FE2C285D940061442F /* APIService.swift */; };
		DF7A83032C2870C30061442F /* UsersListView.swift in Sources */ = {isa = PBXBuildFile; fileRef = DF7A83022C2870C30061442F /* UsersListView.swift */; };
		DF7A83062C287C810061442F /* UsersListViewModel.swift in Sources */ = {isa = PBXBuildFile; fileRef = DF7A83052C287C810061442F /* UsersListViewModel.swift */; };
		DF7E493A2C29DC15005647D4 /* TaskGroupStudy.swift in Sources */ = {isa = PBXBuildFile; fileRef = DF7E49392C29DC15005647D4 /* TaskGroupStudy.swift */; };
		DF86DC672C295D5100BBA9A1 /* AsyncLet.swift in Sources */ = {isa = PBXBuildFile; fileRef = DF86DC662C295D5100BBA9A1 /* AsyncLet.swift */; };
		DF87D3C02C2564A5000C0DF9 /* ErrorHandling1.swift in Sources */ = {isa = PBXBuildFile; fileRef = DF87D3BF2C2564A5000C0DF9 /* ErrorHandling1.swift */; };
		DF87D3C22C256F4C000C0DF9 /* DownloadingImageAsync.swift in Sources */ = {isa = PBXBuildFile; fileRef = DF87D3C12C256F4C000C0DF9 /* DownloadingImageAsync.swift */; };
		DF89738C2C2882ED0019BEBD /* posts.json in Resources */ = {isa = PBXBuildFile; fileRef = DF89738B2C2882ED0019BEBD /* posts.json */; };
		DF89738F2C2884E50019BEBD /* Bundle+Extension.swift in Sources */ = {isa = PBXBuildFile; fileRef = DF89738E2C2884E50019BEBD /* Bundle+Extension.swift */; };
		DF8973912C2885580019BEBD /* MockData.swift in Sources */ = {isa = PBXBuildFile; fileRef = DF8973902C2885580019BEBD /* MockData.swift */; };
		DF8C35702C288F6C00F906E1 /* PostsListViewModel.swift in Sources */ = {isa = PBXBuildFile; fileRef = DF8C356F2C288F6C00F906E1 /* PostsListViewModel.swift */; };
		DF8C35722C288FAF00F906E1 /* PostsListView.swift in Sources */ = {isa = PBXBuildFile; fileRef = DF8C35712C288FAF00F906E1 /* PostsListView.swift */; };
		DF92765A2C28C68500114D09 /* UserAndPostsModel.swift in Sources */ = {isa = PBXBuildFile; fileRef = DF9276592C28C68500114D09 /* UserAndPostsModel.swift */; };
		DF9BA5A32C2AB5400053EBB2 /* Continuations.swift in Sources */ = {isa = PBXBuildFile; fileRef = DF9BA5A22C2AB5400053EBB2 /* Continuations.swift */; };
		DF9BA5A52C2ABE5B0053EBB2 /* Review2.swift in Sources */ = {isa = PBXBuildFile; fileRef = DF9BA5A42C2ABE5B0053EBB2 /* Review2.swift */; };
		DFA280BD2C2439C700985151 /* SwiftConcurrencyApp.swift in Sources */ = {isa = PBXBuildFile; fileRef = DFA280BC2C2439C700985151 /* SwiftConcurrencyApp.swift */; };
		DFA280BF2C2439C700985151 /* ContentView.swift in Sources */ = {isa = PBXBuildFile; fileRef = DFA280BE2C2439C700985151 /* ContentView.swift */; };
		DFA280C12C2439C800985151 /* Assets.xcassets in Resources */ = {isa = PBXBuildFile; fileRef = DFA280C02C2439C800985151 /* Assets.xcassets */; };
		DFA280C42C2439C800985151 /* Preview Assets.xcassets in Resources */ = {isa = PBXBuildFile; fileRef = DFA280C32C2439C800985151 /* Preview Assets.xcassets */; };
		DFA280CC2C2439FE00985151 /* ErrorHandling2.swift in Sources */ = {isa = PBXBuildFile; fileRef = DFA280CB2C2439FE00985151 /* ErrorHandling2.swift */; };
		DFC73AF72C26F724007FB6CF /* TaskStudy.swift in Sources */ = {isa = PBXBuildFile; fileRef = DFC73AF62C26F724007FB6CF /* TaskStudy.swift */; };
/* End PBXBuildFile section */

/* Begin PBXFileReference section */
		DF5865FE2C257ECA00893B16 /* Concurrency1.swift */ = {isa = PBXFileReference; lastKnownFileType = sourcecode.swift; path = Concurrency1.swift; sourceTree = "<group>"; };
		DF68A1692C24DA3A001E87C4 /* README.md */ = {isa = PBXFileReference; lastKnownFileType = net.daringfireball.markdown; path = README.md; sourceTree = "<group>"; };
		DF753E772C25BA96003EDCDF /* AsyncAwait.swift */ = {isa = PBXFileReference; lastKnownFileType = sourcecode.swift; path = AsyncAwait.swift; sourceTree = "<group>"; };
		DF753E792C25DE49003EDCDF /* Concurrency2.swift */ = {isa = PBXFileReference; lastKnownFileType = sourcecode.swift; path = Concurrency2.swift; sourceTree = "<group>"; };
		DF7A82F92C285D320061442F /* UserModel.swift */ = {isa = PBXFileReference; lastKnownFileType = sourcecode.swift; path = UserModel.swift; sourceTree = "<group>"; };
		DF7A82FB2C285D5F0061442F /* PostModel.swift */ = {isa = PBXFileReference; lastKnownFileType = sourcecode.swift; path = PostModel.swift; sourceTree = "<group>"; };
		DF7A82FE2C285D940061442F /* APIService.swift */ = {isa = PBXFileReference; lastKnownFileType = sourcecode.swift; path = APIService.swift; sourceTree = "<group>"; };
		DF7A83022C2870C30061442F /* UsersListView.swift */ = {isa = PBXFileReference; lastKnownFileType = sourcecode.swift; path = UsersListView.swift; sourceTree = "<group>"; };
		DF7A83052C287C810061442F /* UsersListViewModel.swift */ = {isa = PBXFileReference; lastKnownFileType = sourcecode.swift; path = UsersListViewModel.swift; sourceTree = "<group>"; };
		DF7E49392C29DC15005647D4 /* TaskGroupStudy.swift */ = {isa = PBXFileReference; lastKnownFileType = sourcecode.swift; path = TaskGroupStudy.swift; sourceTree = "<group>"; };
		DF86DC662C295D5100BBA9A1 /* AsyncLet.swift */ = {isa = PBXFileReference; lastKnownFileType = sourcecode.swift; path = AsyncLet.swift; sourceTree = "<group>"; };
		DF87D3BF2C2564A5000C0DF9 /* ErrorHandling1.swift */ = {isa = PBXFileReference; lastKnownFileType = sourcecode.swift; path = ErrorHandling1.swift; sourceTree = "<group>"; };
		DF87D3C12C256F4C000C0DF9 /* DownloadingImageAsync.swift */ = {isa = PBXFileReference; lastKnownFileType = sourcecode.swift; path = DownloadingImageAsync.swift; sourceTree = "<group>"; };
		DF89738A2C2882540019BEBD /* users.json */ = {isa = PBXFileReference; lastKnownFileType = text.json; path = users.json; sourceTree = "<group>"; };
		DF89738B2C2882ED0019BEBD /* posts.json */ = {isa = PBXFileReference; lastKnownFileType = text.json; path = posts.json; sourceTree = "<group>"; };
		DF89738E2C2884E50019BEBD /* Bundle+Extension.swift */ = {isa = PBXFileReference; lastKnownFileType = sourcecode.swift; path = "Bundle+Extension.swift"; sourceTree = "<group>"; };
		DF8973902C2885580019BEBD /* MockData.swift */ = {isa = PBXFileReference; lastKnownFileType = sourcecode.swift; path = MockData.swift; sourceTree = "<group>"; };
		DF8C356F2C288F6C00F906E1 /* PostsListViewModel.swift */ = {isa = PBXFileReference; lastKnownFileType = sourcecode.swift; path = PostsListViewModel.swift; sourceTree = "<group>"; };
		DF8C35712C288FAF00F906E1 /* PostsListView.swift */ = {isa = PBXFileReference; lastKnownFileType = sourcecode.swift; path = PostsListView.swift; sourceTree = "<group>"; };
		DF9276592C28C68500114D09 /* UserAndPostsModel.swift */ = {isa = PBXFileReference; lastKnownFileType = sourcecode.swift; path = UserAndPostsModel.swift; sourceTree = "<group>"; };
		DF9BA5A22C2AB5400053EBB2 /* Continuations.swift */ = {isa = PBXFileReference; lastKnownFileType = sourcecode.swift; path = Continuations.swift; sourceTree = "<group>"; };
		DF9BA5A42C2ABE5B0053EBB2 /* Review2.swift */ = {isa = PBXFileReference; lastKnownFileType = sourcecode.swift; path = Review2.swift; sourceTree = "<group>"; };
		DFA280B92C2439C700985151 /* SwiftConcurrency.app */ = {isa = PBXFileReference; explicitFileType = wrapper.application; includeInIndex = 0; path = SwiftConcurrency.app; sourceTree = BUILT_PRODUCTS_DIR; };
		DFA280BC2C2439C700985151 /* SwiftConcurrencyApp.swift */ = {isa = PBXFileReference; lastKnownFileType = sourcecode.swift; path = SwiftConcurrencyApp.swift; sourceTree = "<group>"; };
		DFA280BE2C2439C700985151 /* ContentView.swift */ = {isa = PBXFileReference; lastKnownFileType = sourcecode.swift; path = ContentView.swift; sourceTree = "<group>"; };
		DFA280C02C2439C800985151 /* Assets.xcassets */ = {isa = PBXFileReference; lastKnownFileType = folder.assetcatalog; path = Assets.xcassets; sourceTree = "<group>"; };
		DFA280C32C2439C800985151 /* Preview Assets.xcassets */ = {isa = PBXFileReference; lastKnownFileType = folder.assetcatalog; path = "Preview Assets.xcassets"; sourceTree = "<group>"; };
		DFA280CB2C2439FE00985151 /* ErrorHandling2.swift */ = {isa = PBXFileReference; lastKnownFileType = sourcecode.swift; path = ErrorHandling2.swift; sourceTree = "<group>"; };
		DFC73AF62C26F724007FB6CF /* TaskStudy.swift */ = {isa = PBXFileReference; lastKnownFileType = sourcecode.swift; path = TaskStudy.swift; sourceTree = "<group>"; };
/* End PBXFileReference section */

/* Begin PBXFrameworksBuildPhase section */
		DFA280B62C2439C700985151 /* Frameworks */ = {
			isa = PBXFrameworksBuildPhase;
			buildActionMask = 2147483647;
			files = (
			);
			runOnlyForDeploymentPostprocessing = 0;
		};
/* End PBXFrameworksBuildPhase section */

/* Begin PBXGroup section */
		DF7A82F72C285D240061442F /* Review */ = {
			isa = PBXGroup;
			children = (
				DF89738D2C2884D70019BEBD /* Extensions */,
				DF7A82F82C285D2B0061442F /* Models */,
				DF7A82FD2C285D830061442F /* Services */,
				DF7A83042C287C6D0061442F /* ViewModels */,
				DF7A83002C2870B60061442F /* Views */,
			);
			path = Review;
			sourceTree = "<group>";
		};
		DF7A82F82C285D2B0061442F /* Models */ = {
			isa = PBXGroup;
			children = (
				DF7A82FB2C285D5F0061442F /* PostModel.swift */,
				DF9276592C28C68500114D09 /* UserAndPostsModel.swift */,
				DF7A82F92C285D320061442F /* UserModel.swift */,
			);
			path = Models;
			sourceTree = "<group>";
		};
		DF7A82FD2C285D830061442F /* Services */ = {
			isa = PBXGroup;
			children = (
				DF7A82FE2C285D940061442F /* APIService.swift */,
			);
			path = Services;
			sourceTree = "<group>";
		};
		DF7A83002C2870B60061442F /* Views */ = {
			isa = PBXGroup;
			children = (
				DF8C35712C288FAF00F906E1 /* PostsListView.swift */,
				DF7A83022C2870C30061442F /* UsersListView.swift */,
			);
			path = Views;
			sourceTree = "<group>";
		};
		DF7A83042C287C6D0061442F /* ViewModels */ = {
			isa = PBXGroup;
			children = (
				DF8C356F2C288F6C00F906E1 /* PostsListViewModel.swift */,
				DF7A83052C287C810061442F /* UsersListViewModel.swift */,
			);
			path = ViewModels;
			sourceTree = "<group>";
		};
		DF89738D2C2884D70019BEBD /* Extensions */ = {
			isa = PBXGroup;
			children = (
				DF89738E2C2884E50019BEBD /* Bundle+Extension.swift */,
			);
			path = Extensions;
			sourceTree = "<group>";
		};
		DFA280B02C2439C700985151 = {
			isa = PBXGroup;
			children = (
				DF68A1692C24DA3A001E87C4 /* README.md */,
				DFA280BB2C2439C700985151 /* SwiftConcurrency */,
				DFA280BA2C2439C700985151 /* Products */,
			);
			sourceTree = "<group>";
		};
		DFA280BA2C2439C700985151 /* Products */ = {
			isa = PBXGroup;
			children = (
				DFA280B92C2439C700985151 /* SwiftConcurrency.app */,
			);
			name = Products;
			sourceTree = "<group>";
		};
		DFA280BB2C2439C700985151 /* SwiftConcurrency */ = {
			isa = PBXGroup;
			children = (
				DFA280CA2C2439D600985151 /* App */,
				DF753E772C25BA96003EDCDF /* AsyncAwait.swift */,
				DF86DC662C295D5100BBA9A1 /* AsyncLet.swift */,
				DF5865FE2C257ECA00893B16 /* Concurrency1.swift */,
				DF753E792C25DE49003EDCDF /* Concurrency2.swift */,
				DFA280BE2C2439C700985151 /* ContentView.swift */,
				DF9BA5A22C2AB5400053EBB2 /* Continuations.swift */,
				DF87D3C12C256F4C000C0DF9 /* DownloadingImageAsync.swift */,
				DF87D3BF2C2564A5000C0DF9 /* ErrorHandling1.swift */,
				DFA280CB2C2439FE00985151 /* ErrorHandling2.swift */,
				DFA280C22C2439C800985151 /* Preview Content */,
				DF7A82F72C285D240061442F /* Review */,
				DF9BA5A42C2ABE5B0053EBB2 /* Review2.swift */,
				DF7E49392C29DC15005647D4 /* TaskGroupStudy.swift */,
				DFC73AF62C26F724007FB6CF /* TaskStudy.swift */,
			);
			path = SwiftConcurrency;
			sourceTree = "<group>";
		};
		DFA280C22C2439C800985151 /* Preview Content */ = {
			isa = PBXGroup;
			children = (
				DFA280C32C2439C800985151 /* Preview Assets.xcassets */,
				DF89738A2C2882540019BEBD /* users.json */,
				DF89738B2C2882ED0019BEBD /* posts.json */,
				DF8973902C2885580019BEBD /* MockData.swift */,
			);
			path = "Preview Content";
			sourceTree = "<group>";
		};
		DFA280CA2C2439D600985151 /* App */ = {
			isa = PBXGroup;
			children = (
				DFA280C02C2439C800985151 /* Assets.xcassets */,
				DFA280BC2C2439C700985151 /* SwiftConcurrencyApp.swift */,
			);
			path = App;
			sourceTree = "<group>";
		};
/* End PBXGroup section */

/* Begin PBXNativeTarget section */
		DFA280B82C2439C700985151 /* SwiftConcurrency */ = {
			isa = PBXNativeTarget;
			buildConfigurationList = DFA280C72C2439C800985151 /* Build configuration list for PBXNativeTarget "SwiftConcurrency" */;
			buildPhases = (
				DFA280B52C2439C700985151 /* Sources */,
				DFA280B62C2439C700985151 /* Frameworks */,
				DFA280B72C2439C700985151 /* Resources */,
			);
			buildRules = (
			);
			dependencies = (
			);
			name = SwiftConcurrency;
			productName = SwiftConcurrency;
			productReference = DFA280B92C2439C700985151 /* SwiftConcurrency.app */;
			productType = "com.apple.product-type.application";
		};
/* End PBXNativeTarget section */

/* Begin PBXProject section */
		DFA280B12C2439C700985151 /* Project object */ = {
			isa = PBXProject;
			attributes = {
				BuildIndependentTargetsInParallel = 1;
				LastSwiftUpdateCheck = 1540;
				LastUpgradeCheck = 1540;
				TargetAttributes = {
					DFA280B82C2439C700985151 = {
						CreatedOnToolsVersion = 15.4;
					};
				};
			};
			buildConfigurationList = DFA280B42C2439C700985151 /* Build configuration list for PBXProject "SwiftConcurrency" */;
			compatibilityVersion = "Xcode 14.0";
			developmentRegion = en;
			hasScannedForEncodings = 0;
			knownRegions = (
				en,
				Base,
			);
			mainGroup = DFA280B02C2439C700985151;
			productRefGroup = DFA280BA2C2439C700985151 /* Products */;
			projectDirPath = "";
			projectRoot = "";
			targets = (
				DFA280B82C2439C700985151 /* SwiftConcurrency */,
			);
		};
/* End PBXProject section */

/* Begin PBXResourcesBuildPhase section */
		DFA280B72C2439C700985151 /* Resources */ = {
			isa = PBXResourcesBuildPhase;
			buildActionMask = 2147483647;
			files = (
				DF02D8D62C288BD700EAF86A /* users.json in Resources */,
				DFA280C42C2439C800985151 /* Preview Assets.xcassets in Resources */,
				DF89738C2C2882ED0019BEBD /* posts.json in Resources */,
				DFA280C12C2439C800985151 /* Assets.xcassets in Resources */,
			);
			runOnlyForDeploymentPostprocessing = 0;
		};
/* End PBXResourcesBuildPhase section */

/* Begin PBXSourcesBuildPhase section */
		DFA280B52C2439C700985151 /* Sources */ = {
			isa = PBXSourcesBuildPhase;
			buildActionMask = 2147483647;
			files = (
				DF92765A2C28C68500114D09 /* UserAndPostsModel.swift in Sources */,
				DFA280CC2C2439FE00985151 /* ErrorHandling2.swift in Sources */,
				DF89738F2C2884E50019BEBD /* Bundle+Extension.swift in Sources */,
				DF8C35722C288FAF00F906E1 /* PostsListView.swift in Sources */,
				DF7A83032C2870C30061442F /* UsersListView.swift in Sources */,
				DF5865FF2C257ECA00893B16 /* Concurrency1.swift in Sources */,
				DF753E7A2C25DE49003EDCDF /* Concurrency2.swift in Sources */,
				DF87D3C02C2564A5000C0DF9 /* ErrorHandling1.swift in Sources */,
				DFC73AF72C26F724007FB6CF /* TaskStudy.swift in Sources */,
				DF9BA5A52C2ABE5B0053EBB2 /* Review2.swift in Sources */,
				DFA280BF2C2439C700985151 /* ContentView.swift in Sources */,
				DFA280BD2C2439C700985151 /* SwiftConcurrencyApp.swift in Sources */,
				DF7E493A2C29DC15005647D4 /* TaskGroupStudy.swift in Sources */,
				DF87D3C22C256F4C000C0DF9 /* DownloadingImageAsync.swift in Sources */,
				DF7A82FA2C285D320061442F /* UserModel.swift in Sources */,
				DF8C35702C288F6C00F906E1 /* PostsListViewModel.swift in Sources */,
				DF753E782C25BA96003EDCDF /* AsyncAwait.swift in Sources */,
				DF7A83062C287C810061442F /* UsersListViewModel.swift in Sources */,
				DF86DC672C295D5100BBA9A1 /* AsyncLet.swift in Sources */,
				DF9BA5A32C2AB5400053EBB2 /* Continuations.swift in Sources */,
				DF8973912C2885580019BEBD /* MockData.swift in Sources */,
				DF7A82FF2C285D940061442F /* APIService.swift in Sources */,
				DF7A82FC2C285D5F0061442F /* PostModel.swift in Sources */,
			);
			runOnlyForDeploymentPostprocessing = 0;
		};
/* End PBXSourcesBuildPhase section */

/* Begin XCBuildConfiguration section */
		DFA280C52C2439C800985151 /* Debug */ = {
			isa = XCBuildConfiguration;
			buildSettings = {
				ALWAYS_SEARCH_USER_PATHS = NO;
				ASSETCATALOG_COMPILER_GENERATE_SWIFT_ASSET_SYMBOL_EXTENSIONS = YES;
				CLANG_ANALYZER_NONNULL = YES;
				CLANG_ANALYZER_NUMBER_OBJECT_CONVERSION = YES_AGGRESSIVE;
				CLANG_CXX_LANGUAGE_STANDARD = "gnu++20";
				CLANG_ENABLE_MODULES = YES;
				CLANG_ENABLE_OBJC_ARC = YES;
				CLANG_ENABLE_OBJC_WEAK = YES;
				CLANG_WARN_BLOCK_CAPTURE_AUTORELEASING = YES;
				CLANG_WARN_BOOL_CONVERSION = YES;
				CLANG_WARN_COMMA = YES;
				CLANG_WARN_CONSTANT_CONVERSION = YES;
				CLANG_WARN_DEPRECATED_OBJC_IMPLEMENTATIONS = YES;
				CLANG_WARN_DIRECT_OBJC_ISA_USAGE = YES_ERROR;
				CLANG_WARN_DOCUMENTATION_COMMENTS = YES;
				CLANG_WARN_EMPTY_BODY = YES;
				CLANG_WARN_ENUM_CONVERSION = YES;
				CLANG_WARN_INFINITE_RECURSION = YES;
				CLANG_WARN_INT_CONVERSION = YES;
				CLANG_WARN_NON_LITERAL_NULL_CONVERSION = YES;
				CLANG_WARN_OBJC_IMPLICIT_RETAIN_SELF = YES;
				CLANG_WARN_OBJC_LITERAL_CONVERSION = YES;
				CLANG_WARN_OBJC_ROOT_CLASS = YES_ERROR;
				CLANG_WARN_QUOTED_INCLUDE_IN_FRAMEWORK_HEADER = YES;
				CLANG_WARN_RANGE_LOOP_ANALYSIS = YES;
				CLANG_WARN_STRICT_PROTOTYPES = YES;
				CLANG_WARN_SUSPICIOUS_MOVE = YES;
				CLANG_WARN_UNGUARDED_AVAILABILITY = YES_AGGRESSIVE;
				CLANG_WARN_UNREACHABLE_CODE = YES;
				CLANG_WARN__DUPLICATE_METHOD_MATCH = YES;
				COPY_PHASE_STRIP = NO;
				DEBUG_INFORMATION_FORMAT = dwarf;
				ENABLE_STRICT_OBJC_MSGSEND = YES;
				ENABLE_TESTABILITY = YES;
				ENABLE_USER_SCRIPT_SANDBOXING = YES;
				GCC_C_LANGUAGE_STANDARD = gnu17;
				GCC_DYNAMIC_NO_PIC = NO;
				GCC_NO_COMMON_BLOCKS = YES;
				GCC_OPTIMIZATION_LEVEL = 0;
				GCC_PREPROCESSOR_DEFINITIONS = (
					"DEBUG=1",
					"$(inherited)",
				);
				GCC_WARN_64_TO_32_BIT_CONVERSION = YES;
				GCC_WARN_ABOUT_RETURN_TYPE = YES_ERROR;
				GCC_WARN_UNDECLARED_SELECTOR = YES;
				GCC_WARN_UNINITIALIZED_AUTOS = YES_AGGRESSIVE;
				GCC_WARN_UNUSED_FUNCTION = YES;
				GCC_WARN_UNUSED_VARIABLE = YES;
				IPHONEOS_DEPLOYMENT_TARGET = 17.5;
				LOCALIZATION_PREFERS_STRING_CATALOGS = YES;
				MTL_ENABLE_DEBUG_INFO = INCLUDE_SOURCE;
				MTL_FAST_MATH = YES;
				ONLY_ACTIVE_ARCH = YES;
				SDKROOT = iphoneos;
				SWIFT_ACTIVE_COMPILATION_CONDITIONS = "DEBUG $(inherited)";
				SWIFT_OPTIMIZATION_LEVEL = "-Onone";
			};
			name = Debug;
		};
		DFA280C62C2439C800985151 /* Release */ = {
			isa = XCBuildConfiguration;
			buildSettings = {
				ALWAYS_SEARCH_USER_PATHS = NO;
				ASSETCATALOG_COMPILER_GENERATE_SWIFT_ASSET_SYMBOL_EXTENSIONS = YES;
				CLANG_ANALYZER_NONNULL = YES;
				CLANG_ANALYZER_NUMBER_OBJECT_CONVERSION = YES_AGGRESSIVE;
				CLANG_CXX_LANGUAGE_STANDARD = "gnu++20";
				CLANG_ENABLE_MODULES = YES;
				CLANG_ENABLE_OBJC_ARC = YES;
				CLANG_ENABLE_OBJC_WEAK = YES;
				CLANG_WARN_BLOCK_CAPTURE_AUTORELEASING = YES;
				CLANG_WARN_BOOL_CONVERSION = YES;
				CLANG_WARN_COMMA = YES;
				CLANG_WARN_CONSTANT_CONVERSION = YES;
				CLANG_WARN_DEPRECATED_OBJC_IMPLEMENTATIONS = YES;
				CLANG_WARN_DIRECT_OBJC_ISA_USAGE = YES_ERROR;
				CLANG_WARN_DOCUMENTATION_COMMENTS = YES;
				CLANG_WARN_EMPTY_BODY = YES;
				CLANG_WARN_ENUM_CONVERSION = YES;
				CLANG_WARN_INFINITE_RECURSION = YES;
				CLANG_WARN_INT_CONVERSION = YES;
				CLANG_WARN_NON_LITERAL_NULL_CONVERSION = YES;
				CLANG_WARN_OBJC_IMPLICIT_RETAIN_SELF = YES;
				CLANG_WARN_OBJC_LITERAL_CONVERSION = YES;
				CLANG_WARN_OBJC_ROOT_CLASS = YES_ERROR;
				CLANG_WARN_QUOTED_INCLUDE_IN_FRAMEWORK_HEADER = YES;
				CLANG_WARN_RANGE_LOOP_ANALYSIS = YES;
				CLANG_WARN_STRICT_PROTOTYPES = YES;
				CLANG_WARN_SUSPICIOUS_MOVE = YES;
				CLANG_WARN_UNGUARDED_AVAILABILITY = YES_AGGRESSIVE;
				CLANG_WARN_UNREACHABLE_CODE = YES;
				CLANG_WARN__DUPLICATE_METHOD_MATCH = YES;
				COPY_PHASE_STRIP = NO;
				DEBUG_INFORMATION_FORMAT = "dwarf-with-dsym";
				ENABLE_NS_ASSERTIONS = NO;
				ENABLE_STRICT_OBJC_MSGSEND = YES;
				ENABLE_USER_SCRIPT_SANDBOXING = YES;
				GCC_C_LANGUAGE_STANDARD = gnu17;
				GCC_NO_COMMON_BLOCKS = YES;
				GCC_WARN_64_TO_32_BIT_CONVERSION = YES;
				GCC_WARN_ABOUT_RETURN_TYPE = YES_ERROR;
				GCC_WARN_UNDECLARED_SELECTOR = YES;
				GCC_WARN_UNINITIALIZED_AUTOS = YES_AGGRESSIVE;
				GCC_WARN_UNUSED_FUNCTION = YES;
				GCC_WARN_UNUSED_VARIABLE = YES;
				IPHONEOS_DEPLOYMENT_TARGET = 17.5;
				LOCALIZATION_PREFERS_STRING_CATALOGS = YES;
				MTL_ENABLE_DEBUG_INFO = NO;
				MTL_FAST_MATH = YES;
				SDKROOT = iphoneos;
				SWIFT_COMPILATION_MODE = wholemodule;
				VALIDATE_PRODUCT = YES;
			};
			name = Release;
		};
		DFA280C82C2439C800985151 /* Debug */ = {
			isa = XCBuildConfiguration;
			buildSettings = {
				ASSETCATALOG_COMPILER_APPICON_NAME = AppIcon;
				ASSETCATALOG_COMPILER_GLOBAL_ACCENT_COLOR_NAME = AccentColor;
				CODE_SIGN_STYLE = Automatic;
				CURRENT_PROJECT_VERSION = 1;
				DEVELOPMENT_ASSET_PATHS = "\"SwiftConcurrency/Preview Content\"";
				ENABLE_PREVIEWS = YES;
				GENERATE_INFOPLIST_FILE = YES;
				INFOPLIST_KEY_UIApplicationSceneManifest_Generation = YES;
				INFOPLIST_KEY_UIApplicationSupportsIndirectInputEvents = YES;
				INFOPLIST_KEY_UILaunchScreen_Generation = YES;
				INFOPLIST_KEY_UISupportedInterfaceOrientations_iPad = "UIInterfaceOrientationPortrait UIInterfaceOrientationPortraitUpsideDown UIInterfaceOrientationLandscapeLeft UIInterfaceOrientationLandscapeRight";
				INFOPLIST_KEY_UISupportedInterfaceOrientations_iPhone = "UIInterfaceOrientationPortrait UIInterfaceOrientationLandscapeLeft UIInterfaceOrientationLandscapeRight";
				LD_RUNPATH_SEARCH_PATHS = (
					"$(inherited)",
					"@executable_path/Frameworks",
				);
				MARKETING_VERSION = 1.0;
				PRODUCT_BUNDLE_IDENTIFIER = me.ozmus.enes.SwiftConcurrency;
				PRODUCT_NAME = "$(TARGET_NAME)";
				SWIFT_EMIT_LOC_STRINGS = YES;
				SWIFT_VERSION = 5.0;
				TARGETED_DEVICE_FAMILY = "1,2";
			};
			name = Debug;
		};
		DFA280C92C2439C800985151 /* Release */ = {
			isa = XCBuildConfiguration;
			buildSettings = {
				ASSETCATALOG_COMPILER_APPICON_NAME = AppIcon;
				ASSETCATALOG_COMPILER_GLOBAL_ACCENT_COLOR_NAME = AccentColor;
				CODE_SIGN_STYLE = Automatic;
				CURRENT_PROJECT_VERSION = 1;
				DEVELOPMENT_ASSET_PATHS = "\"SwiftConcurrency/Preview Content\"";
				ENABLE_PREVIEWS = YES;
				GENERATE_INFOPLIST_FILE = YES;
				INFOPLIST_KEY_UIApplicationSceneManifest_Generation = YES;
				INFOPLIST_KEY_UIApplicationSupportsIndirectInputEvents = YES;
				INFOPLIST_KEY_UILaunchScreen_Generation = YES;
				INFOPLIST_KEY_UISupportedInterfaceOrientations_iPad = "UIInterfaceOrientationPortrait UIInterfaceOrientationPortraitUpsideDown UIInterfaceOrientationLandscapeLeft UIInterfaceOrientationLandscapeRight";
				INFOPLIST_KEY_UISupportedInterfaceOrientations_iPhone = "UIInterfaceOrientationPortrait UIInterfaceOrientationLandscapeLeft UIInterfaceOrientationLandscapeRight";
				LD_RUNPATH_SEARCH_PATHS = (
					"$(inherited)",
					"@executable_path/Frameworks",
				);
				MARKETING_VERSION = 1.0;
				PRODUCT_BUNDLE_IDENTIFIER = me.ozmus.enes.SwiftConcurrency;
				PRODUCT_NAME = "$(TARGET_NAME)";
				SWIFT_EMIT_LOC_STRINGS = YES;
				SWIFT_VERSION = 5.0;
				TARGETED_DEVICE_FAMILY = "1,2";
			};
			name = Release;
		};
/* End XCBuildConfiguration section */

/* Begin XCConfigurationList section */
		DFA280B42C2439C700985151 /* Build configuration list for PBXProject "SwiftConcurrency" */ = {
			isa = XCConfigurationList;
			buildConfigurations = (
				DFA280C52C2439C800985151 /* Debug */,
				DFA280C62C2439C800985151 /* Release */,
			);
			defaultConfigurationIsVisible = 0;
			defaultConfigurationName = Release;
		};
		DFA280C72C2439C800985151 /* Build configuration list for PBXNativeTarget "SwiftConcurrency" */ = {
			isa = XCConfigurationList;
			buildConfigurations = (
				DFA280C82C2439C800985151 /* Debug */,
				DFA280C92C2439C800985151 /* Release */,
			);
			defaultConfigurationIsVisible = 0;
			defaultConfigurationName = Release;
		};
/* End XCConfigurationList section */
	};
	rootObject = DFA280B12C2439C700985151 /* Project object */;
}
